
Microsoft Visual Studio Solution File, Format Version 12.00
# Visual Studio Version 17
VisualStudioVersion = 17.11.35312.102
MinimumVisualStudioVersion = 10.0.40219.1
Project("{9A19103F-16F7-4668-BE54-9A1E7A4F7556}") = "CWDocs", "CWDocs\CWDocs.csproj", "{860BD45D-B4C7-4BA0-AB6C-F9AD72EE6FEA}"
EndProject
Project("{9A19103F-16F7-4668-BE54-9A1E7A4F7556}") = "UnitTests", "UnitTests\UnitTests.csproj", "{45363584-4006-48EA-BE29-68BB297FA05D}"
	ProjectSection(ProjectDependencies) = postProject
		{860BD45D-B4C7-4BA0-AB6C-F9AD72EE6FEA} = {860BD45D-B4C7-4BA0-AB6C-F9AD72EE6FEA}
	EndProjectSection
EndProject
Project("{9A19103F-16F7-4668-BE54-9A1E7A4F7556}") = "CWDocsCore", "CWDocsCore\CWDocsCore.csproj", "{9C752AC0-1E0D-4C37-B082-4E307ADD82D7}"
EndProject
Project("{9A19103F-16F7-4668-BE54-9A1E7A4F7556}") = "CWDocsAPI", "CWDocsAPI\CWDocsAPI.csproj", "{7A977EDE-1B7A-44FE-8E1F-6A34FABCE17D}"
EndProject
Global
	GlobalSection(SolutionConfigurationPlatforms) = preSolution
		Debug|Any CPU = Debug|Any CPU
		Release|Any CPU = Release|Any CPU
	EndGlobalSection
	GlobalSection(ProjectConfigurationPlatforms) = postSolution
		{860BD45D-B4C7-4BA0-AB6C-F9AD72EE6FEA}.Debug|Any CPU.ActiveCfg = Debug|Any CPU
		{860BD45D-B4C7-4BA0-AB6C-F9AD72EE6FEA}.Debug|Any CPU.Build.0 = Debug|Any CPU
		{860BD45D-B4C7-4BA0-AB6C-F9AD72EE6FEA}.Release|Any CPU.ActiveCfg = Release|Any CPU
		{860BD45D-B4C7-4BA0-AB6C-F9AD72EE6FEA}.Release|Any CPU.Build.0 = Release|Any CPU
		{45363584-4006-48EA-BE29-68BB297FA05D}.Debug|Any CPU.ActiveCfg = Debug|Any CPU
		{45363584-4006-48EA-BE29-68BB297FA05D}.Release|Any CPU.ActiveCfg = Release|Any CPU
		{45363584-4006-48EA-BE29-68BB297FA05D}.Release|Any CPU.Build.0 = Release|Any CPU
		{9C752AC0-1E0D-4C37-B082-4E307ADD82D7}.Debug|Any CPU.ActiveCfg = Debug|Any CPU
		{9C752AC0-1E0D-4C37-B082-4E307ADD82D7}.Debug|Any CPU.Build.0 = Debug|Any CPU
		{9C752AC0-1E0D-4C37-B082-4E307ADD82D7}.Release|Any CPU.ActiveCfg = Release|Any CPU
		{9C752AC0-1E0D-4C37-B082-4E307ADD82D7}.Release|Any CPU.Build.0 = Release|Any CPU
		{7A977EDE-1B7A-44FE-8E1F-6A34FABCE17D}.Debug|Any CPU.ActiveCfg = Debug|Any CPU
		{7A977EDE-1B7A-44FE-8E1F-6A34FABCE17D}.Debug|Any CPU.Build.0 = Debug|Any CPU
		{7A977EDE-1B7A-44FE-8E1F-6A34FABCE17D}.Release|Any CPU.ActiveCfg = Release|Any CPU
		{7A977EDE-1B7A-44FE-8E1F-6A34FABCE17D}.Release|Any CPU.Build.0 = Release|Any CPU
	EndGlobalSection
	GlobalSection(SolutionProperties) = preSolution
		HideSolutionNode = FALSE
	EndGlobalSection
	GlobalSection(ExtensibilityGlobals) = postSolution
		SolutionGuid = {4845ED91-9323-4290-A612-DDC9DC7E4867}
	EndGlobalSection
EndGlobal
