
Microsoft Visual Studio Solution File, Format Version 12.00
# Visual Studio Version 16
VisualStudioVersion = 16.0.30711.63
MinimumVisualStudioVersion = 10.0.40219.1
Project("{FAE04EC0-301F-11D3-BF4B-00C04F79EFBC}") = "CWDocs", "CWDocs\CWDocs.csproj", "{860BD45D-B4C7-4BA0-AB6C-F9AD72EE6FEA}"
EndProject
Global
	GlobalSection(SolutionConfigurationPlatforms) = preSolution
		Debug|Any CPU = Debug|Any CPU
		Release|Any CPU = Release|Any CPU
	EndGlobalSection
	GlobalSection(ProjectConfigurationPlatforms) = postSolution
		{860BD45D-B4C7-4BA0-AB6C-F9AD72EE6FEA}.Debug|Any CPU.ActiveCfg = Debug|Any CPU
		{860BD45D-B4C7-4BA0-AB6C-F9AD72EE6FEA}.Debug|Any CPU.Build.0 = Debug|Any CPU
		{860BD45D-B4C7-4BA0-AB6C-F9AD72EE6FEA}.Release|Any CPU.ActiveCfg = Release|Any CPU
		{860BD45D-B4C7-4BA0-AB6C-F9AD72EE6FEA}.Release|Any CPU.Build.0 = Release|Any CPU
	EndGlobalSection
	GlobalSection(SolutionProperties) = preSolution
		HideSolutionNode = FALSE
	EndGlobalSection
	GlobalSection(ExtensibilityGlobals) = postSolution
		SolutionGuid = {4845ED91-9323-4290-A612-DDC9DC7E4867}
	EndGlobalSection
EndGlobal
